
Microsoft Visual Studio Solution File, Format Version 12.00
# Visual Studio Version 16
VisualStudioVersion = 16.0.29201.188
MinimumVisualStudioVersion = 10.0.40219.1
Project("{FAE04EC0-301F-11D3-BF4B-00C04F79EFBC}") = "Client", "Client\Client.csproj", "{11A7F761-A1E6-4B80-9E4D-E2C1E4DD7279}"
EndProject
Global
	GlobalSection(SolutionConfigurationPlatforms) = preSolution
		Debug|Any CPU = Debug|Any CPU
		Release|Any CPU = Release|Any CPU
	EndGlobalSection
	GlobalSection(ProjectConfigurationPlatforms) = postSolution
		{11A7F761-A1E6-4B80-9E4D-E2C1E4DD7279}.Debug|Any CPU.ActiveCfg = Debug|Any CPU
		{11A7F761-A1E6-4B80-9E4D-E2C1E4DD7279}.Debug|Any CPU.Build.0 = Debug|Any CPU
		{11A7F761-A1E6-4B80-9E4D-E2C1E4DD7279}.Release|Any CPU.ActiveCfg = Release|Any CPU
		{11A7F761-A1E6-4B80-9E4D-E2C1E4DD7279}.Release|Any CPU.Build.0 = Release|Any CPU
	EndGlobalSection
	GlobalSection(SolutionProperties) = preSolution
		HideSolutionNode = FALSE
	EndGlobalSection
	GlobalSection(ExtensibilityGlobals) = postSolution
		SolutionGuid = {09A86930-5E1A-4DCB-A5AB-C4ECD4F4CADB}
	EndGlobalSection
EndGlobal
